Microsoft Visual Studio Solution File, Format Version 8.00
Project("{8BC9CEB8-8B4A-11D0-8D11-00A0C91BC942}") = "BitmapFont", "BitmapFont.vcproj", "{E92CEEF2-0297-4AA8-8641-44E338EA4CFA}"
	ProjectSection(ProjectDependencies) = postProject
	EndProjectSection
EndProject
Global
	GlobalSection(SolutionConfiguration) = preSolution
		Debug = Debug
		Release = Release
	EndGlobalSection
	GlobalSection(ProjectConfiguration) = postSolution
		{E92CEEF2-0297-4AA8-8641-44E338EA4CFA}.Debug.ActiveCfg = Debug|Win32
		{E92CEEF2-0297-4AA8-8641-44E338EA4CFA}.Debug.Build.0 = Debug|Win32
		{E92CEEF2-0297-4AA8-8641-44E338EA4CFA}.Release.ActiveCfg = Release|Win32
		{E92CEEF2-0297-4AA8-8641-44E338EA4CFA}.Release.Build.0 = Release|Win32
	EndGlobalSection
	GlobalSection(ExtensibilityGlobals) = postSolution
	EndGlobalSection
	GlobalSection(ExtensibilityAddIns) = postSolution
	EndGlobalSection
EndGlobal
