
Microsoft Visual Studio Solution File, Format Version 11.00
# Visual C++ Express 2010
Project("{8BC9CEB8-8B4A-11D0-8D11-00A0C91BC942}") = "ch10_draw_xfb", "ch10_draw_xfb.vcxproj", "{714162CB-A55F-43D1-92F0-AD09C1E0A4A2}"
EndProject
Global
	GlobalSection(SolutionConfigurationPlatforms) = preSolution
		Debug|Win32 = Debug|Win32
		Release|Win32 = Release|Win32
	EndGlobalSection
	GlobalSection(ProjectConfigurationPlatforms) = postSolution
		{714162CB-A55F-43D1-92F0-AD09C1E0A4A2}.Debug|Win32.ActiveCfg = Debug|Win32
		{714162CB-A55F-43D1-92F0-AD09C1E0A4A2}.Debug|Win32.Build.0 = Debug|Win32
		{714162CB-A55F-43D1-92F0-AD09C1E0A4A2}.Release|Win32.ActiveCfg = Release|Win32
		{714162CB-A55F-43D1-92F0-AD09C1E0A4A2}.Release|Win32.Build.0 = Release|Win32
	EndGlobalSection
	GlobalSection(SolutionProperties) = preSolution
		HideSolutionNode = FALSE
	EndGlobalSection
EndGlobal
