
Microsoft Visual Studio Solution File, Format Version 11.00
# Visual C++ Express 2010
Project("{8BC9CEB8-8B4A-11D0-8D11-00A0C91BC942}") = "ch10_fur", "ch10_fur.vcxproj", "{4015B4ED-324F-44EF-ABA9-85AE069B85AF}"
EndProject
Global
	GlobalSection(SolutionConfigurationPlatforms) = preSolution
		Debug|Win32 = Debug|Win32
		Release|Win32 = Release|Win32
	EndGlobalSection
	GlobalSection(ProjectConfigurationPlatforms) = postSolution
		{4015B4ED-324F-44EF-ABA9-85AE069B85AF}.Debug|Win32.ActiveCfg = Debug|Win32
		{4015B4ED-324F-44EF-ABA9-85AE069B85AF}.Debug|Win32.Build.0 = Debug|Win32
		{4015B4ED-324F-44EF-ABA9-85AE069B85AF}.Release|Win32.ActiveCfg = Release|Win32
		{4015B4ED-324F-44EF-ABA9-85AE069B85AF}.Release|Win32.Build.0 = Release|Win32
	EndGlobalSection
	GlobalSection(SolutionProperties) = preSolution
		HideSolutionNode = FALSE
	EndGlobalSection
EndGlobal
