Microsoft Visual Studio Solution File, Format Version 8.00
Project("{8BC9CEB8-8B4A-11D0-8D11-00A0C91BC942}") = "PhysicsDemo1", "PhysicsDemo1.vcproj", "{BC127BD7-8F4A-40FC-87D5-0292198002BB}"
	ProjectSection(ProjectDependencies) = postProject
	EndProjectSection
EndProject
Global
	GlobalSection(SolutionConfiguration) = preSolution
		Debug = Debug
		Release = Release
	EndGlobalSection
	GlobalSection(ProjectConfiguration) = postSolution
		{BC127BD7-8F4A-40FC-87D5-0292198002BB}.Debug.ActiveCfg = Debug|Win32
		{BC127BD7-8F4A-40FC-87D5-0292198002BB}.Debug.Build.0 = Debug|Win32
		{BC127BD7-8F4A-40FC-87D5-0292198002BB}.Release.ActiveCfg = Release|Win32
		{BC127BD7-8F4A-40FC-87D5-0292198002BB}.Release.Build.0 = Release|Win32
	EndGlobalSection
	GlobalSection(ExtensibilityGlobals) = postSolution
	EndGlobalSection
	GlobalSection(ExtensibilityAddIns) = postSolution
	EndGlobalSection
EndGlobal
