
Microsoft Visual Studio Solution File, Format Version 10.00
# Visual Studio 2008
Project("{8BC9CEB8-8B4A-11D0-8D11-00A0C91BC942}") = "mathglpp", "MathGL++\mathglpp.vcproj", "{8CB3299A-4558-44EC-AC09-43209A4B3CFA}"
EndProject
Project("{8BC9CEB8-8B4A-11D0-8D11-00A0C91BC942}") = "NonIterativeClosedFormIKSolver", "src\NonIterativeClosedFormIKSolver.vcproj", "{A9B00DE6-B028-41EA-99FE-47185552A416}"
	ProjectSection(ProjectDependencies) = postProject
		{8CB3299A-4558-44EC-AC09-43209A4B3CFA} = {8CB3299A-4558-44EC-AC09-43209A4B3CFA}
	EndProjectSection
EndProject
Global
	GlobalSection(SolutionConfigurationPlatforms) = preSolution
		Debug|Win32 = Debug|Win32
		Release|Win32 = Release|Win32
	EndGlobalSection
	GlobalSection(ProjectConfigurationPlatforms) = postSolution
		{8CB3299A-4558-44EC-AC09-43209A4B3CFA}.Debug|Win32.ActiveCfg = Debug|Win32
		{8CB3299A-4558-44EC-AC09-43209A4B3CFA}.Debug|Win32.Build.0 = Debug|Win32
		{8CB3299A-4558-44EC-AC09-43209A4B3CFA}.Release|Win32.ActiveCfg = Release|Win32
		{8CB3299A-4558-44EC-AC09-43209A4B3CFA}.Release|Win32.Build.0 = Release|Win32
		{A9B00DE6-B028-41EA-99FE-47185552A416}.Debug|Win32.ActiveCfg = Debug|Win32
		{A9B00DE6-B028-41EA-99FE-47185552A416}.Debug|Win32.Build.0 = Debug|Win32
		{A9B00DE6-B028-41EA-99FE-47185552A416}.Release|Win32.ActiveCfg = Release|Win32
		{A9B00DE6-B028-41EA-99FE-47185552A416}.Release|Win32.Build.0 = Release|Win32
	EndGlobalSection
	GlobalSection(SolutionProperties) = preSolution
		HideSolutionNode = FALSE
	EndGlobalSection
EndGlobal
